Microsoft Visual Studio Solution File, Format Version 10.00
# Visual Studio 2008
Project("{8BC9CEB8-8B4A-11D0-8D11-00A0C91BC942}") = "ALL_BUILD", ".\ALL_BUILD.vcproj", "{59CFF845-5FE6-461B-AE26-0BB43759F682}"
	ProjectSection(ProjectDependencies) = postProject
		{BDA93492-0D7A-4692-A66B-D6EBB8689688} = {BDA93492-0D7A-4692-A66B-D6EBB8689688}
		{69CF720F-F853-4519-B48A-EF9A3F4E0247} = {69CF720F-F853-4519-B48A-EF9A3F4E0247}
		{97A610DB-4473-4A0B-9533-D80E7B5D1392} = {97A610DB-4473-4A0B-9533-D80E7B5D1392}
		{0C8F520C-EADF-493B-9F82-37F5E5A3A793} = {0C8F520C-EADF-493B-9F82-37F5E5A3A793}
		{90AE1B5D-AD11-434C-8F01-5F8748304B16} = {90AE1B5D-AD11-434C-8F01-5F8748304B16}
		{AF041659-6134-4573-A37E-F930C254A6FB} = {AF041659-6134-4573-A37E-F930C254A6FB}
		{EA0DF7DD-9309-4539-ADF0-C61E035BF482} = {EA0DF7DD-9309-4539-ADF0-C61E035BF482}
		{989B7327-ABD8-4023-B5D2-732D0C2DCDE4} = {989B7327-ABD8-4023-B5D2-732D0C2DCDE4}
		{F26AB2FC-F335-436B-855F-B0BB967FD316} = {F26AB2FC-F335-436B-855F-B0BB967FD316}
		{F513BCCD-7C9D-493E-A0D5-172FB3B91102} = {F513BCCD-7C9D-493E-A0D5-172FB3B91102}
		{EE955A88-E95C-411A-BA4A-8FE4F516B2DC} = {EE955A88-E95C-411A-BA4A-8FE4F516B2DC}
		{44EF5C22-1FE6-4C03-9084-6F368CE96320} = {44EF5C22-1FE6-4C03-9084-6F368CE96320}
		{2FAF2625-17DF-4838-A0A1-7E88270FABBC} = {2FAF2625-17DF-4838-A0A1-7E88270FABBC}
		{00728729-481B-4148-BAF4-E51E893C9D2F} = {00728729-481B-4148-BAF4-E51E893C9D2F}
		{386AA179-8C23-4205-976A-6C99F4E365F0} = {386AA179-8C23-4205-976A-6C99F4E365F0}
		{9C233640-F5E7-42F9-93A4-735C01CC1619} = {9C233640-F5E7-42F9-93A4-735C01CC1619}
		{4FAB6AD3-2C6F-426F-8899-3DAE1D5ED4AE} = {4FAB6AD3-2C6F-426F-8899-3DAE1D5ED4AE}
		{70AFD3AC-9011-4914-A58A-A669C8878226} = {70AFD3AC-9011-4914-A58A-A669C8878226}
		{C8B92DD6-38BC-4F62-8155-B2BE4C0C8C0D} = {C8B92DD6-38BC-4F62-8155-B2BE4C0C8C0D}
	EndProjectSection
EndProject
Project("{8BC9CEB8-8B4A-11D0-8D11-00A0C91BC942}") = "INSTALL", ".\INSTALL.vcproj", "{8A32C1C7-241F-4EC1-84EA-78236CA007F3}"
	ProjectSection(ProjectDependencies) = postProject
		{59CFF845-5FE6-461B-AE26-0BB43759F682} = {59CFF845-5FE6-461B-AE26-0BB43759F682}
	EndProjectSection
EndProject
Project("{8BC9CEB8-8B4A-11D0-8D11-00A0C91BC942}") = "ZERO_CHECK", ".\ZERO_CHECK.vcproj", "{BDA93492-0D7A-4692-A66B-D6EBB8689688}"
	ProjectSection(ProjectDependencies) = postProject
	EndProjectSection
EndProject
Project("{8BC9CEB8-8B4A-11D0-8D11-00A0C91BC942}") = "ace", "dep\acelite\ace\ace.vcproj", "{69CF720F-F853-4519-B48A-EF9A3F4E0247}"
	ProjectSection(ProjectDependencies) = postProject
		{BDA93492-0D7A-4692-A66B-D6EBB8689688} = {BDA93492-0D7A-4692-A66B-D6EBB8689688}
	EndProjectSection
EndProject
Project("{8BC9CEB8-8B4A-11D0-8D11-00A0C91BC942}") = "authserver", "src\server\authserver\authserver.vcproj", "{97A610DB-4473-4A0B-9533-D80E7B5D1392}"
	ProjectSection(ProjectDependencies) = postProject
		{BDA93492-0D7A-4692-A66B-D6EBB8689688} = {BDA93492-0D7A-4692-A66B-D6EBB8689688}
		{69CF720F-F853-4519-B48A-EF9A3F4E0247} = {69CF720F-F853-4519-B48A-EF9A3F4E0247}
		{F26AB2FC-F335-436B-855F-B0BB967FD316} = {F26AB2FC-F335-436B-855F-B0BB967FD316}
		{44EF5C22-1FE6-4C03-9084-6F368CE96320} = {44EF5C22-1FE6-4C03-9084-6F368CE96320}
		{00728729-481B-4148-BAF4-E51E893C9D2F} = {00728729-481B-4148-BAF4-E51E893C9D2F}
		{C8B92DD6-38BC-4F62-8155-B2BE4C0C8C0D} = {C8B92DD6-38BC-4F62-8155-B2BE4C0C8C0D}
	EndProjectSection
EndProject
Project("{8BC9CEB8-8B4A-11D0-8D11-00A0C91BC942}") = "bzip2", "dep\bzip2\bzip2.vcproj", "{0C8F520C-EADF-493B-9F82-37F5E5A3A793}"
	ProjectSection(ProjectDependencies) = postProject
		{BDA93492-0D7A-4692-A66B-D6EBB8689688} = {BDA93492-0D7A-4692-A66B-D6EBB8689688}
	EndProjectSection
EndProject
Project("{8BC9CEB8-8B4A-11D0-8D11-00A0C91BC942}") = "collision", "src\server\collision\collision.vcproj", "{90AE1B5D-AD11-434C-8F01-5F8748304B16}"
	ProjectSection(ProjectDependencies) = postProject
		{BDA93492-0D7A-4692-A66B-D6EBB8689688} = {BDA93492-0D7A-4692-A66B-D6EBB8689688}
	EndProjectSection
EndProject
Project("{8BC9CEB8-8B4A-11D0-8D11-00A0C91BC942}") = "g3dlib", "dep\g3dlite\g3dlib.vcproj", "{AF041659-6134-4573-A37E-F930C254A6FB}"
	ProjectSection(ProjectDependencies) = postProject
		{BDA93492-0D7A-4692-A66B-D6EBB8689688} = {BDA93492-0D7A-4692-A66B-D6EBB8689688}
	EndProjectSection
EndProject
Project("{8BC9CEB8-8B4A-11D0-8D11-00A0C91BC942}") = "game", "src\server\game\game.vcproj", "{EA0DF7DD-9309-4539-ADF0-C61E035BF482}"
	ProjectSection(ProjectDependencies) = postProject
		{BDA93492-0D7A-4692-A66B-D6EBB8689688} = {BDA93492-0D7A-4692-A66B-D6EBB8689688}
		{44EF5C22-1FE6-4C03-9084-6F368CE96320} = {44EF5C22-1FE6-4C03-9084-6F368CE96320}
	EndProjectSection
EndProject
Project("{8BC9CEB8-8B4A-11D0-8D11-00A0C91BC942}") = "gsoap", "dep\gsoap\gsoap.vcproj", "{989B7327-ABD8-4023-B5D2-732D0C2DCDE4}"
	ProjectSection(ProjectDependencies) = postProject
		{BDA93492-0D7A-4692-A66B-D6EBB8689688} = {BDA93492-0D7A-4692-A66B-D6EBB8689688}
	EndProjectSection
EndProject
Project("{8BC9CEB8-8B4A-11D0-8D11-00A0C91BC942}") = "libmysql", "dep\mysqllite\libmysql.vcproj", "{F26AB2FC-F335-436B-855F-B0BB967FD316}"
	ProjectSection(ProjectDependencies) = postProject
		{BDA93492-0D7A-4692-A66B-D6EBB8689688} = {BDA93492-0D7A-4692-A66B-D6EBB8689688}
		{C8B92DD6-38BC-4F62-8155-B2BE4C0C8C0D} = {C8B92DD6-38BC-4F62-8155-B2BE4C0C8C0D}
	EndProjectSection
EndProject
Project("{8BC9CEB8-8B4A-11D0-8D11-00A0C91BC942}") = "mapextractor", "src\tools\map_extractor\mapextractor.vcproj", "{F513BCCD-7C9D-493E-A0D5-172FB3B91102}"
	ProjectSection(ProjectDependencies) = postProject
		{BDA93492-0D7A-4692-A66B-D6EBB8689688} = {BDA93492-0D7A-4692-A66B-D6EBB8689688}
		{0C8F520C-EADF-493B-9F82-37F5E5A3A793} = {0C8F520C-EADF-493B-9F82-37F5E5A3A793}
		{EE955A88-E95C-411A-BA4A-8FE4F516B2DC} = {EE955A88-E95C-411A-BA4A-8FE4F516B2DC}
		{C8B92DD6-38BC-4F62-8155-B2BE4C0C8C0D} = {C8B92DD6-38BC-4F62-8155-B2BE4C0C8C0D}
	EndProjectSection
EndProject
Project("{8BC9CEB8-8B4A-11D0-8D11-00A0C91BC942}") = "mpq", "dep\libmpq\mpq.vcproj", "{EE955A88-E95C-411A-BA4A-8FE4F516B2DC}"
	ProjectSection(ProjectDependencies) = postProject
		{BDA93492-0D7A-4692-A66B-D6EBB8689688} = {BDA93492-0D7A-4692-A66B-D6EBB8689688}
	EndProjectSection
EndProject
Project("{8BC9CEB8-8B4A-11D0-8D11-00A0C91BC942}") = "revision.h", "src\genrev\revision.h.vcproj", "{44EF5C22-1FE6-4C03-9084-6F368CE96320}"
	ProjectSection(ProjectDependencies) = postProject
		{BDA93492-0D7A-4692-A66B-D6EBB8689688} = {BDA93492-0D7A-4692-A66B-D6EBB8689688}
	EndProjectSection
EndProject
Project("{8BC9CEB8-8B4A-11D0-8D11-00A0C91BC942}") = "scripts", "src\server\scripts\scripts.vcproj", "{2FAF2625-17DF-4838-A0A1-7E88270FABBC}"
	ProjectSection(ProjectDependencies) = postProject
		{BDA93492-0D7A-4692-A66B-D6EBB8689688} = {BDA93492-0D7A-4692-A66B-D6EBB8689688}
		{} = {}
	EndProjectSection
EndProject
Project("{8BC9CEB8-8B4A-11D0-8D11-00A0C91BC942}") = "shared", "src\server\shared\shared.vcproj", "{00728729-481B-4148-BAF4-E51E893C9D2F}"
	ProjectSection(ProjectDependencies) = postProject
		{BDA93492-0D7A-4692-A66B-D6EBB8689688} = {BDA93492-0D7A-4692-A66B-D6EBB8689688}
	EndProjectSection
EndProject
Project("{8BC9CEB8-8B4A-11D0-8D11-00A0C91BC942}") = "trinitysockets", "dep\sockets\trinitysockets.vcproj", "{386AA179-8C23-4205-976A-6C99F4E365F0}"
	ProjectSection(ProjectDependencies) = postProject
		{BDA93492-0D7A-4692-A66B-D6EBB8689688} = {BDA93492-0D7A-4692-A66B-D6EBB8689688}
	EndProjectSection
EndProject
Project("{8BC9CEB8-8B4A-11D0-8D11-00A0C91BC942}") = "vmap3assembler", "src\tools\vmap3_assembler\vmap3assembler.vcproj", "{9C233640-F5E7-42F9-93A4-735C01CC1619}"
	ProjectSection(ProjectDependencies) = postProject
		{BDA93492-0D7A-4692-A66B-D6EBB8689688} = {BDA93492-0D7A-4692-A66B-D6EBB8689688}
		{90AE1B5D-AD11-434C-8F01-5F8748304B16} = {90AE1B5D-AD11-434C-8F01-5F8748304B16}
		{AF041659-6134-4573-A37E-F930C254A6FB} = {AF041659-6134-4573-A37E-F930C254A6FB}
		{EE955A88-E95C-411A-BA4A-8FE4F516B2DC} = {EE955A88-E95C-411A-BA4A-8FE4F516B2DC}
		{C8B92DD6-38BC-4F62-8155-B2BE4C0C8C0D} = {C8B92DD6-38BC-4F62-8155-B2BE4C0C8C0D}
	EndProjectSection
EndProject
Project("{8BC9CEB8-8B4A-11D0-8D11-00A0C91BC942}") = "vmap3extractor", "src\tools\vmap3_extractor\vmap3extractor.vcproj", "{4FAB6AD3-2C6F-426F-8899-3DAE1D5ED4AE}"
	ProjectSection(ProjectDependencies) = postProject
		{BDA93492-0D7A-4692-A66B-D6EBB8689688} = {BDA93492-0D7A-4692-A66B-D6EBB8689688}
		{0C8F520C-EADF-493B-9F82-37F5E5A3A793} = {0C8F520C-EADF-493B-9F82-37F5E5A3A793}
		{EE955A88-E95C-411A-BA4A-8FE4F516B2DC} = {EE955A88-E95C-411A-BA4A-8FE4F516B2DC}
		{C8B92DD6-38BC-4F62-8155-B2BE4C0C8C0D} = {C8B92DD6-38BC-4F62-8155-B2BE4C0C8C0D}
	EndProjectSection
EndProject
Project("{8BC9CEB8-8B4A-11D0-8D11-00A0C91BC942}") = "worldserver", "src\server\worldserver\worldserver.vcproj", "{70AFD3AC-9011-4914-A58A-A669C8878226}"
	ProjectSection(ProjectDependencies) = postProject
		{BDA93492-0D7A-4692-A66B-D6EBB8689688} = {BDA93492-0D7A-4692-A66B-D6EBB8689688}
		{69CF720F-F853-4519-B48A-EF9A3F4E0247} = {69CF720F-F853-4519-B48A-EF9A3F4E0247}
		{90AE1B5D-AD11-434C-8F01-5F8748304B16} = {90AE1B5D-AD11-434C-8F01-5F8748304B16}
		{AF041659-6134-4573-A37E-F930C254A6FB} = {AF041659-6134-4573-A37E-F930C254A6FB}
		{EA0DF7DD-9309-4539-ADF0-C61E035BF482} = {EA0DF7DD-9309-4539-ADF0-C61E035BF482}
		{989B7327-ABD8-4023-B5D2-732D0C2DCDE4} = {989B7327-ABD8-4023-B5D2-732D0C2DCDE4}
		{F26AB2FC-F335-436B-855F-B0BB967FD316} = {F26AB2FC-F335-436B-855F-B0BB967FD316}
		{44EF5C22-1FE6-4C03-9084-6F368CE96320} = {44EF5C22-1FE6-4C03-9084-6F368CE96320}
		{2FAF2625-17DF-4838-A0A1-7E88270FABBC} = {2FAF2625-17DF-4838-A0A1-7E88270FABBC}
		{00728729-481B-4148-BAF4-E51E893C9D2F} = {00728729-481B-4148-BAF4-E51E893C9D2F}
		{386AA179-8C23-4205-976A-6C99F4E365F0} = {386AA179-8C23-4205-976A-6C99F4E365F0}
		{C8B92DD6-38BC-4F62-8155-B2BE4C0C8C0D} = {C8B92DD6-38BC-4F62-8155-B2BE4C0C8C0D}
	EndProjectSection
EndProject
Project("{8BC9CEB8-8B4A-11D0-8D11-00A0C91BC942}") = "zlib", "dep\zlib\zlib.vcproj", "{C8B92DD6-38BC-4F62-8155-B2BE4C0C8C0D}"
	ProjectSection(ProjectDependencies) = postProject
		{BDA93492-0D7A-4692-A66B-D6EBB8689688} = {BDA93492-0D7A-4692-A66B-D6EBB8689688}
	EndProjectSection
EndProject
Global
	GlobalSection(SolutionConfigurationPlatforms) = preSolution
		Release|Win32 = Release|Win32
		Debug|Win32 = Debug|Win32
	EndGlobalSection
	GlobalSection(ProjectConfigurationPlatforms) = postSolution
		{59CFF845-5FE6-461B-AE26-0BB43759F682}.Release|Win32.ActiveCfg = Release|Win32
		{59CFF845-5FE6-461B-AE26-0BB43759F682}.Release|Win32.Build.0 = Release|Win32
		{59CFF845-5FE6-461B-AE26-0BB43759F682}.Debug|Win32.ActiveCfg = Debug|Win32
		{59CFF845-5FE6-461B-AE26-0BB43759F682}.Debug|Win32.Build.0 = Debug|Win32
		{8A32C1C7-241F-4EC1-84EA-78236CA007F3}.Release|Win32.ActiveCfg = Release|Win32
		{8A32C1C7-241F-4EC1-84EA-78236CA007F3}.Debug|Win32.ActiveCfg = Debug|Win32
		{BDA93492-0D7A-4692-A66B-D6EBB8689688}.Release|Win32.ActiveCfg = Release|Win32
		{BDA93492-0D7A-4692-A66B-D6EBB8689688}.Release|Win32.Build.0 = Release|Win32
		{BDA93492-0D7A-4692-A66B-D6EBB8689688}.Debug|Win32.ActiveCfg = Debug|Win32
		{BDA93492-0D7A-4692-A66B-D6EBB8689688}.Debug|Win32.Build.0 = Debug|Win32
		{69CF720F-F853-4519-B48A-EF9A3F4E0247}.Release|Win32.ActiveCfg = Release|Win32
		{69CF720F-F853-4519-B48A-EF9A3F4E0247}.Release|Win32.Build.0 = Release|Win32
		{69CF720F-F853-4519-B48A-EF9A3F4E0247}.Debug|Win32.ActiveCfg = Debug|Win32
		{69CF720F-F853-4519-B48A-EF9A3F4E0247}.Debug|Win32.Build.0 = Debug|Win32
		{97A610DB-4473-4A0B-9533-D80E7B5D1392}.Release|Win32.ActiveCfg = Release|Win32
		{97A610DB-4473-4A0B-9533-D80E7B5D1392}.Release|Win32.Build.0 = Release|Win32
		{97A610DB-4473-4A0B-9533-D80E7B5D1392}.Debug|Win32.ActiveCfg = Debug|Win32
		{97A610DB-4473-4A0B-9533-D80E7B5D1392}.Debug|Win32.Build.0 = Debug|Win32
		{0C8F520C-EADF-493B-9F82-37F5E5A3A793}.Release|Win32.ActiveCfg = Release|Win32
		{0C8F520C-EADF-493B-9F82-37F5E5A3A793}.Release|Win32.Build.0 = Release|Win32
		{0C8F520C-EADF-493B-9F82-37F5E5A3A793}.Debug|Win32.ActiveCfg = Debug|Win32
		{0C8F520C-EADF-493B-9F82-37F5E5A3A793}.Debug|Win32.Build.0 = Debug|Win32
		{90AE1B5D-AD11-434C-8F01-5F8748304B16}.Release|Win32.ActiveCfg = Release|Win32
		{90AE1B5D-AD11-434C-8F01-5F8748304B16}.Release|Win32.Build.0 = Release|Win32
		{90AE1B5D-AD11-434C-8F01-5F8748304B16}.Debug|Win32.ActiveCfg = Debug|Win32
		{90AE1B5D-AD11-434C-8F01-5F8748304B16}.Debug|Win32.Build.0 = Debug|Win32
		{AF041659-6134-4573-A37E-F930C254A6FB}.Release|Win32.ActiveCfg = Release|Win32
		{AF041659-6134-4573-A37E-F930C254A6FB}.Release|Win32.Build.0 = Release|Win32
		{AF041659-6134-4573-A37E-F930C254A6FB}.Debug|Win32.ActiveCfg = Debug|Win32
		{AF041659-6134-4573-A37E-F930C254A6FB}.Debug|Win32.Build.0 = Debug|Win32
		{EA0DF7DD-9309-4539-ADF0-C61E035BF482}.Release|Win32.ActiveCfg = Release|Win32
		{EA0DF7DD-9309-4539-ADF0-C61E035BF482}.Release|Win32.Build.0 = Release|Win32
		{EA0DF7DD-9309-4539-ADF0-C61E035BF482}.Debug|Win32.ActiveCfg = Debug|Win32
		{EA0DF7DD-9309-4539-ADF0-C61E035BF482}.Debug|Win32.Build.0 = Debug|Win32
		{989B7327-ABD8-4023-B5D2-732D0C2DCDE4}.Release|Win32.ActiveCfg = Release|Win32
		{989B7327-ABD8-4023-B5D2-732D0C2DCDE4}.Release|Win32.Build.0 = Release|Win32
		{989B7327-ABD8-4023-B5D2-732D0C2DCDE4}.Debug|Win32.ActiveCfg = Debug|Win32
		{989B7327-ABD8-4023-B5D2-732D0C2DCDE4}.Debug|Win32.Build.0 = Debug|Win32
		{F26AB2FC-F335-436B-855F-B0BB967FD316}.Release|Win32.ActiveCfg = Release|Win32
		{F26AB2FC-F335-436B-855F-B0BB967FD316}.Release|Win32.Build.0 = Release|Win32
		{F26AB2FC-F335-436B-855F-B0BB967FD316}.Debug|Win32.ActiveCfg = Debug|Win32
		{F26AB2FC-F335-436B-855F-B0BB967FD316}.Debug|Win32.Build.0 = Debug|Win32
		{F513BCCD-7C9D-493E-A0D5-172FB3B91102}.Release|Win32.ActiveCfg = Release|Win32
		{F513BCCD-7C9D-493E-A0D5-172FB3B91102}.Release|Win32.Build.0 = Release|Win32
		{F513BCCD-7C9D-493E-A0D5-172FB3B91102}.Debug|Win32.ActiveCfg = Debug|Win32
		{F513BCCD-7C9D-493E-A0D5-172FB3B91102}.Debug|Win32.Build.0 = Debug|Win32
		{EE955A88-E95C-411A-BA4A-8FE4F516B2DC}.Release|Win32.ActiveCfg = Release|Win32
		{EE955A88-E95C-411A-BA4A-8FE4F516B2DC}.Release|Win32.Build.0 = Release|Win32
		{EE955A88-E95C-411A-BA4A-8FE4F516B2DC}.Debug|Win32.ActiveCfg = Debug|Win32
		{EE955A88-E95C-411A-BA4A-8FE4F516B2DC}.Debug|Win32.Build.0 = Debug|Win32
		{44EF5C22-1FE6-4C03-9084-6F368CE96320}.Release|Win32.ActiveCfg = Release|Win32
		{44EF5C22-1FE6-4C03-9084-6F368CE96320}.Release|Win32.Build.0 = Release|Win32
		{44EF5C22-1FE6-4C03-9084-6F368CE96320}.Debug|Win32.ActiveCfg = Debug|Win32
		{44EF5C22-1FE6-4C03-9084-6F368CE96320}.Debug|Win32.Build.0 = Debug|Win32
		{2FAF2625-17DF-4838-A0A1-7E88270FABBC}.Release|Win32.ActiveCfg = Release|Win32
		{2FAF2625-17DF-4838-A0A1-7E88270FABBC}.Release|Win32.Build.0 = Release|Win32
		{2FAF2625-17DF-4838-A0A1-7E88270FABBC}.Debug|Win32.ActiveCfg = Debug|Win32
		{2FAF2625-17DF-4838-A0A1-7E88270FABBC}.Debug|Win32.Build.0 = Debug|Win32
		{00728729-481B-4148-BAF4-E51E893C9D2F}.Release|Win32.ActiveCfg = Release|Win32
		{00728729-481B-4148-BAF4-E51E893C9D2F}.Release|Win32.Build.0 = Release|Win32
		{00728729-481B-4148-BAF4-E51E893C9D2F}.Debug|Win32.ActiveCfg = Debug|Win32
		{00728729-481B-4148-BAF4-E51E893C9D2F}.Debug|Win32.Build.0 = Debug|Win32
		{386AA179-8C23-4205-976A-6C99F4E365F0}.Release|Win32.ActiveCfg = Release|Win32
		{386AA179-8C23-4205-976A-6C99F4E365F0}.Release|Win32.Build.0 = Release|Win32
		{386AA179-8C23-4205-976A-6C99F4E365F0}.Debug|Win32.ActiveCfg = Debug|Win32
		{386AA179-8C23-4205-976A-6C99F4E365F0}.Debug|Win32.Build.0 = Debug|Win32
		{9C233640-F5E7-42F9-93A4-735C01CC1619}.Release|Win32.ActiveCfg = Release|Win32
		{9C233640-F5E7-42F9-93A4-735C01CC1619}.Release|Win32.Build.0 = Release|Win32
		{9C233640-F5E7-42F9-93A4-735C01CC1619}.Debug|Win32.ActiveCfg = Debug|Win32
		{9C233640-F5E7-42F9-93A4-735C01CC1619}.Debug|Win32.Build.0 = Debug|Win32
		{4FAB6AD3-2C6F-426F-8899-3DAE1D5ED4AE}.Release|Win32.ActiveCfg = Release|Win32
		{4FAB6AD3-2C6F-426F-8899-3DAE1D5ED4AE}.Release|Win32.Build.0 = Release|Win32
		{4FAB6AD3-2C6F-426F-8899-3DAE1D5ED4AE}.Debug|Win32.ActiveCfg = Debug|Win32
		{4FAB6AD3-2C6F-426F-8899-3DAE1D5ED4AE}.Debug|Win32.Build.0 = Debug|Win32
		{70AFD3AC-9011-4914-A58A-A669C8878226}.Release|Win32.ActiveCfg = Release|Win32
		{70AFD3AC-9011-4914-A58A-A669C8878226}.Release|Win32.Build.0 = Release|Win32
		{70AFD3AC-9011-4914-A58A-A669C8878226}.Debug|Win32.ActiveCfg = Debug|Win32
		{70AFD3AC-9011-4914-A58A-A669C8878226}.Debug|Win32.Build.0 = Debug|Win32
		{C8B92DD6-38BC-4F62-8155-B2BE4C0C8C0D}.Release|Win32.ActiveCfg = Release|Win32
		{C8B92DD6-38BC-4F62-8155-B2BE4C0C8C0D}.Release|Win32.Build.0 = Release|Win32
		{C8B92DD6-38BC-4F62-8155-B2BE4C0C8C0D}.Debug|Win32.ActiveCfg = Debug|Win32
		{C8B92DD6-38BC-4F62-8155-B2BE4C0C8C0D}.Debug|Win32.Build.0 = Debug|Win32
	EndGlobalSection
	GlobalSection(ExtensibilityGlobals) = postSolution
	EndGlobalSection
	GlobalSection(ExtensibilityAddIns) = postSolution
	EndGlobalSection
EndGlobal
