Microsoft Visual Studio Solution File, Format Version 10.00
# Visual Studio 2008
Project("{8BC9CEB8-8B4A-11D0-8D11-00A0C91BC942}") = "ALL_BUILD", ".\ALL_BUILD.vcproj", "{107206D7-1ECC-4D0E-B0D2-DB29F5A37629}"
	ProjectSection(ProjectDependencies) = postProject
		{94F2D4E4-A9D3-4B62-9DE1-21ED70609772} = {94F2D4E4-A9D3-4B62-9DE1-21ED70609772}
		{DBACDB74-C4F7-464B-921E-C6DE483FC369} = {DBACDB74-C4F7-464B-921E-C6DE483FC369}
		{6F93D9AE-274A-43B3-A9F6-81573194EF77} = {6F93D9AE-274A-43B3-A9F6-81573194EF77}
		{CE3101D8-447C-455E-ACE0-58765F69ACAC} = {CE3101D8-447C-455E-ACE0-58765F69ACAC}
		{B2767DCB-2E01-491A-B28B-5E5D5BACFA7A} = {B2767DCB-2E01-491A-B28B-5E5D5BACFA7A}
		{C29D8569-EF62-4E79-BCC1-CC39473B72D0} = {C29D8569-EF62-4E79-BCC1-CC39473B72D0}
		{E66AE649-4EF6-498E-B993-4C297B8029FE} = {E66AE649-4EF6-498E-B993-4C297B8029FE}
		{CC98ACFB-CC61-4901-AD05-65F13CC063A6} = {CC98ACFB-CC61-4901-AD05-65F13CC063A6}
		{EF917129-741E-46FD-A847-56D4DF6822C7} = {EF917129-741E-46FD-A847-56D4DF6822C7}
		{6E21C1DF-ED9C-4156-AC6D-EA7BAAB5561C} = {6E21C1DF-ED9C-4156-AC6D-EA7BAAB5561C}
		{77DA69F9-8474-472F-8806-B9E47B06FD71} = {77DA69F9-8474-472F-8806-B9E47B06FD71}
		{D7478D9D-7666-4239-B316-13381952CFF2} = {D7478D9D-7666-4239-B316-13381952CFF2}
		{2A79381D-3C34-4CCE-B654-5B6121DDA3CA} = {2A79381D-3C34-4CCE-B654-5B6121DDA3CA}
		{A60928DD-7C15-4488-8556-B1A9460C76D4} = {A60928DD-7C15-4488-8556-B1A9460C76D4}
		{274C69D6-FCEF-4825-B1C0-76BB74A470BF} = {274C69D6-FCEF-4825-B1C0-76BB74A470BF}
		{2CAA544F-0748-4E58-8FF3-17290B442FD6} = {2CAA544F-0748-4E58-8FF3-17290B442FD6}
		{44524BDB-395A-4DE4-B3AA-7A1F3916185E} = {44524BDB-395A-4DE4-B3AA-7A1F3916185E}
		{D523AB0B-85F8-4E7B-BE38-A68674A06260} = {D523AB0B-85F8-4E7B-BE38-A68674A06260}
		{0BB28ABA-E3B0-437D-A88C-B95F81B79DDD} = {0BB28ABA-E3B0-437D-A88C-B95F81B79DDD}
	EndProjectSection
EndProject
Project("{8BC9CEB8-8B4A-11D0-8D11-00A0C91BC942}") = "INSTALL", ".\INSTALL.vcproj", "{84976309-6D25-40FD-BDAF-CE12EB538072}"
	ProjectSection(ProjectDependencies) = postProject
		{107206D7-1ECC-4D0E-B0D2-DB29F5A37629} = {107206D7-1ECC-4D0E-B0D2-DB29F5A37629}
		{94F2D4E4-A9D3-4B62-9DE1-21ED70609772} = {94F2D4E4-A9D3-4B62-9DE1-21ED70609772}
	EndProjectSection
EndProject
Project("{8BC9CEB8-8B4A-11D0-8D11-00A0C91BC942}") = "ZERO_CHECK", ".\ZERO_CHECK.vcproj", "{94F2D4E4-A9D3-4B62-9DE1-21ED70609772}"
	ProjectSection(ProjectDependencies) = postProject
	EndProjectSection
EndProject
Project("{8BC9CEB8-8B4A-11D0-8D11-00A0C91BC942}") = "ace", "dep\acelite\ace\ace.vcproj", "{DBACDB74-C4F7-464B-921E-C6DE483FC369}"
	ProjectSection(ProjectDependencies) = postProject
		{94F2D4E4-A9D3-4B62-9DE1-21ED70609772} = {94F2D4E4-A9D3-4B62-9DE1-21ED70609772}
	EndProjectSection
EndProject
Project("{8BC9CEB8-8B4A-11D0-8D11-00A0C91BC942}") = "authserver", "src\server\authserver\authserver.vcproj", "{6F93D9AE-274A-43B3-A9F6-81573194EF77}"
	ProjectSection(ProjectDependencies) = postProject
		{A60928DD-7C15-4488-8556-B1A9460C76D4} = {A60928DD-7C15-4488-8556-B1A9460C76D4}
		{EF917129-741E-46FD-A847-56D4DF6822C7} = {EF917129-741E-46FD-A847-56D4DF6822C7}
		{DBACDB74-C4F7-464B-921E-C6DE483FC369} = {DBACDB74-C4F7-464B-921E-C6DE483FC369}
		{0BB28ABA-E3B0-437D-A88C-B95F81B79DDD} = {0BB28ABA-E3B0-437D-A88C-B95F81B79DDD}
		{94F2D4E4-A9D3-4B62-9DE1-21ED70609772} = {94F2D4E4-A9D3-4B62-9DE1-21ED70609772}
		{D7478D9D-7666-4239-B316-13381952CFF2} = {D7478D9D-7666-4239-B316-13381952CFF2}
	EndProjectSection
EndProject
Project("{8BC9CEB8-8B4A-11D0-8D11-00A0C91BC942}") = "bzip2", "dep\bzip2\bzip2.vcproj", "{CE3101D8-447C-455E-ACE0-58765F69ACAC}"
	ProjectSection(ProjectDependencies) = postProject
		{94F2D4E4-A9D3-4B62-9DE1-21ED70609772} = {94F2D4E4-A9D3-4B62-9DE1-21ED70609772}
	EndProjectSection
EndProject
Project("{8BC9CEB8-8B4A-11D0-8D11-00A0C91BC942}") = "collision", "src\server\collision\collision.vcproj", "{B2767DCB-2E01-491A-B28B-5E5D5BACFA7A}"
	ProjectSection(ProjectDependencies) = postProject
		{94F2D4E4-A9D3-4B62-9DE1-21ED70609772} = {94F2D4E4-A9D3-4B62-9DE1-21ED70609772}
	EndProjectSection
EndProject
Project("{8BC9CEB8-8B4A-11D0-8D11-00A0C91BC942}") = "g3dlib", "dep\g3dlite\g3dlib.vcproj", "{C29D8569-EF62-4E79-BCC1-CC39473B72D0}"
	ProjectSection(ProjectDependencies) = postProject
		{94F2D4E4-A9D3-4B62-9DE1-21ED70609772} = {94F2D4E4-A9D3-4B62-9DE1-21ED70609772}
	EndProjectSection
EndProject
Project("{8BC9CEB8-8B4A-11D0-8D11-00A0C91BC942}") = "game", "src\server\game\game.vcproj", "{E66AE649-4EF6-498E-B993-4C297B8029FE}"
	ProjectSection(ProjectDependencies) = postProject
		{94F2D4E4-A9D3-4B62-9DE1-21ED70609772} = {94F2D4E4-A9D3-4B62-9DE1-21ED70609772}
		{D7478D9D-7666-4239-B316-13381952CFF2} = {D7478D9D-7666-4239-B316-13381952CFF2}
	EndProjectSection
EndProject
Project("{8BC9CEB8-8B4A-11D0-8D11-00A0C91BC942}") = "gsoap", "dep\gsoap\gsoap.vcproj", "{CC98ACFB-CC61-4901-AD05-65F13CC063A6}"
	ProjectSection(ProjectDependencies) = postProject
		{94F2D4E4-A9D3-4B62-9DE1-21ED70609772} = {94F2D4E4-A9D3-4B62-9DE1-21ED70609772}
	EndProjectSection
EndProject
Project("{8BC9CEB8-8B4A-11D0-8D11-00A0C91BC942}") = "libmysql", "dep\mysqllite\libmysql.vcproj", "{EF917129-741E-46FD-A847-56D4DF6822C7}"
	ProjectSection(ProjectDependencies) = postProject
		{0BB28ABA-E3B0-437D-A88C-B95F81B79DDD} = {0BB28ABA-E3B0-437D-A88C-B95F81B79DDD}
		{94F2D4E4-A9D3-4B62-9DE1-21ED70609772} = {94F2D4E4-A9D3-4B62-9DE1-21ED70609772}
	EndProjectSection
EndProject
Project("{8BC9CEB8-8B4A-11D0-8D11-00A0C91BC942}") = "mapextractor", "src\tools\map_extractor\mapextractor.vcproj", "{6E21C1DF-ED9C-4156-AC6D-EA7BAAB5561C}"
	ProjectSection(ProjectDependencies) = postProject
		{CE3101D8-447C-455E-ACE0-58765F69ACAC} = {CE3101D8-447C-455E-ACE0-58765F69ACAC}
		{0BB28ABA-E3B0-437D-A88C-B95F81B79DDD} = {0BB28ABA-E3B0-437D-A88C-B95F81B79DDD}
		{77DA69F9-8474-472F-8806-B9E47B06FD71} = {77DA69F9-8474-472F-8806-B9E47B06FD71}
		{94F2D4E4-A9D3-4B62-9DE1-21ED70609772} = {94F2D4E4-A9D3-4B62-9DE1-21ED70609772}
		{77DA69F9-8474-472F-8806-B9E47B06FD71} = {77DA69F9-8474-472F-8806-B9E47B06FD71}
	EndProjectSection
EndProject
Project("{8BC9CEB8-8B4A-11D0-8D11-00A0C91BC942}") = "mpq", "dep\libmpq\mpq.vcproj", "{77DA69F9-8474-472F-8806-B9E47B06FD71}"
	ProjectSection(ProjectDependencies) = postProject
		{94F2D4E4-A9D3-4B62-9DE1-21ED70609772} = {94F2D4E4-A9D3-4B62-9DE1-21ED70609772}
	EndProjectSection
EndProject
Project("{8BC9CEB8-8B4A-11D0-8D11-00A0C91BC942}") = "revision.h", "src\genrev\revision.h.vcproj", "{D7478D9D-7666-4239-B316-13381952CFF2}"
	ProjectSection(ProjectDependencies) = postProject
		{94F2D4E4-A9D3-4B62-9DE1-21ED70609772} = {94F2D4E4-A9D3-4B62-9DE1-21ED70609772}
	EndProjectSection
EndProject
Project("{8BC9CEB8-8B4A-11D0-8D11-00A0C91BC942}") = "scripts", "src\server\scripts\scripts.vcproj", "{2A79381D-3C34-4CCE-B654-5B6121DDA3CA}"
	ProjectSection(ProjectDependencies) = postProject
		{94F2D4E4-A9D3-4B62-9DE1-21ED70609772} = {94F2D4E4-A9D3-4B62-9DE1-21ED70609772}
		{} = {}
	EndProjectSection
EndProject
Project("{8BC9CEB8-8B4A-11D0-8D11-00A0C91BC942}") = "shared", "src\server\shared\shared.vcproj", "{A60928DD-7C15-4488-8556-B1A9460C76D4}"
	ProjectSection(ProjectDependencies) = postProject
		{94F2D4E4-A9D3-4B62-9DE1-21ED70609772} = {94F2D4E4-A9D3-4B62-9DE1-21ED70609772}
	EndProjectSection
EndProject
Project("{8BC9CEB8-8B4A-11D0-8D11-00A0C91BC942}") = "trinitysockets", "dep\sockets\trinitysockets.vcproj", "{274C69D6-FCEF-4825-B1C0-76BB74A470BF}"
	ProjectSection(ProjectDependencies) = postProject
		{94F2D4E4-A9D3-4B62-9DE1-21ED70609772} = {94F2D4E4-A9D3-4B62-9DE1-21ED70609772}
	EndProjectSection
EndProject
Project("{8BC9CEB8-8B4A-11D0-8D11-00A0C91BC942}") = "vmap3assembler", "src\tools\vmap3_assembler\vmap3assembler.vcproj", "{2CAA544F-0748-4E58-8FF3-17290B442FD6}"
	ProjectSection(ProjectDependencies) = postProject
		{B2767DCB-2E01-491A-B28B-5E5D5BACFA7A} = {B2767DCB-2E01-491A-B28B-5E5D5BACFA7A}
		{C29D8569-EF62-4E79-BCC1-CC39473B72D0} = {C29D8569-EF62-4E79-BCC1-CC39473B72D0}
		{0BB28ABA-E3B0-437D-A88C-B95F81B79DDD} = {0BB28ABA-E3B0-437D-A88C-B95F81B79DDD}
		{94F2D4E4-A9D3-4B62-9DE1-21ED70609772} = {94F2D4E4-A9D3-4B62-9DE1-21ED70609772}
		{77DA69F9-8474-472F-8806-B9E47B06FD71} = {77DA69F9-8474-472F-8806-B9E47B06FD71}
	EndProjectSection
EndProject
Project("{8BC9CEB8-8B4A-11D0-8D11-00A0C91BC942}") = "vmap3extractor", "src\tools\vmap3_extractor\vmap3extractor.vcproj", "{44524BDB-395A-4DE4-B3AA-7A1F3916185E}"
	ProjectSection(ProjectDependencies) = postProject
		{CE3101D8-447C-455E-ACE0-58765F69ACAC} = {CE3101D8-447C-455E-ACE0-58765F69ACAC}
		{0BB28ABA-E3B0-437D-A88C-B95F81B79DDD} = {0BB28ABA-E3B0-437D-A88C-B95F81B79DDD}
		{77DA69F9-8474-472F-8806-B9E47B06FD71} = {77DA69F9-8474-472F-8806-B9E47B06FD71}
		{94F2D4E4-A9D3-4B62-9DE1-21ED70609772} = {94F2D4E4-A9D3-4B62-9DE1-21ED70609772}
		{77DA69F9-8474-472F-8806-B9E47B06FD71} = {77DA69F9-8474-472F-8806-B9E47B06FD71}
	EndProjectSection
EndProject
Project("{8BC9CEB8-8B4A-11D0-8D11-00A0C91BC942}") = "worldserver", "src\server\worldserver\worldserver.vcproj", "{D523AB0B-85F8-4E7B-BE38-A68674A06260}"
	ProjectSection(ProjectDependencies) = postProject
		{E66AE649-4EF6-498E-B993-4C297B8029FE} = {E66AE649-4EF6-498E-B993-4C297B8029FE}
		{A60928DD-7C15-4488-8556-B1A9460C76D4} = {A60928DD-7C15-4488-8556-B1A9460C76D4}
		{2A79381D-3C34-4CCE-B654-5B6121DDA3CA} = {2A79381D-3C34-4CCE-B654-5B6121DDA3CA}
		{274C69D6-FCEF-4825-B1C0-76BB74A470BF} = {274C69D6-FCEF-4825-B1C0-76BB74A470BF}
		{B2767DCB-2E01-491A-B28B-5E5D5BACFA7A} = {B2767DCB-2E01-491A-B28B-5E5D5BACFA7A}
		{C29D8569-EF62-4E79-BCC1-CC39473B72D0} = {C29D8569-EF62-4E79-BCC1-CC39473B72D0}
		{CC98ACFB-CC61-4901-AD05-65F13CC063A6} = {CC98ACFB-CC61-4901-AD05-65F13CC063A6}
		{DBACDB74-C4F7-464B-921E-C6DE483FC369} = {DBACDB74-C4F7-464B-921E-C6DE483FC369}
		{EF917129-741E-46FD-A847-56D4DF6822C7} = {EF917129-741E-46FD-A847-56D4DF6822C7}
		{0BB28ABA-E3B0-437D-A88C-B95F81B79DDD} = {0BB28ABA-E3B0-437D-A88C-B95F81B79DDD}
		{94F2D4E4-A9D3-4B62-9DE1-21ED70609772} = {94F2D4E4-A9D3-4B62-9DE1-21ED70609772}
		{D7478D9D-7666-4239-B316-13381952CFF2} = {D7478D9D-7666-4239-B316-13381952CFF2}
	EndProjectSection
EndProject
Project("{8BC9CEB8-8B4A-11D0-8D11-00A0C91BC942}") = "zlib", "dep\zlib\zlib.vcproj", "{0BB28ABA-E3B0-437D-A88C-B95F81B79DDD}"
	ProjectSection(ProjectDependencies) = postProject
		{94F2D4E4-A9D3-4B62-9DE1-21ED70609772} = {94F2D4E4-A9D3-4B62-9DE1-21ED70609772}
	EndProjectSection
EndProject
Global
	GlobalSection(SolutionConfigurationPlatforms) = preSolution
		Debug|Win32 = Debug|Win32
		Release|Win32 = Release|Win32
		MinSizeRel|Win32 = MinSizeRel|Win32
		RelWithDebInfo|Win32 = RelWithDebInfo|Win32
	EndGlobalSection
	GlobalSection(ProjectConfigurationPlatforms) = postSolution
		{107206D7-1ECC-4D0E-B0D2-DB29F5A37629}.Debug|Win32.ActiveCfg = Debug|Win32
		{107206D7-1ECC-4D0E-B0D2-DB29F5A37629}.Debug|Win32.Build.0 = Debug|Win32
		{107206D7-1ECC-4D0E-B0D2-DB29F5A37629}.Release|Win32.ActiveCfg = Release|Win32
		{107206D7-1ECC-4D0E-B0D2-DB29F5A37629}.Release|Win32.Build.0 = Release|Win32
		{107206D7-1ECC-4D0E-B0D2-DB29F5A37629}.MinSizeRel|Win32.ActiveCfg = MinSizeRel|Win32
		{107206D7-1ECC-4D0E-B0D2-DB29F5A37629}.MinSizeRel|Win32.Build.0 = MinSizeRel|Win32
		{107206D7-1ECC-4D0E-B0D2-DB29F5A37629}.RelWithDebInfo|Win32.ActiveCfg = RelWithDebInfo|Win32
		{107206D7-1ECC-4D0E-B0D2-DB29F5A37629}.RelWithDebInfo|Win32.Build.0 = RelWithDebInfo|Win32
		{84976309-6D25-40FD-BDAF-CE12EB538072}.Debug|Win32.ActiveCfg = Debug|Win32
		{84976309-6D25-40FD-BDAF-CE12EB538072}.Release|Win32.ActiveCfg = Release|Win32
		{84976309-6D25-40FD-BDAF-CE12EB538072}.MinSizeRel|Win32.ActiveCfg = MinSizeRel|Win32
		{84976309-6D25-40FD-BDAF-CE12EB538072}.RelWithDebInfo|Win32.ActiveCfg = RelWithDebInfo|Win32
		{84976309-6D25-40FD-BDAF-CE12EB538072}.Debug|Win32.ActiveCfg = Debug|Win32
		{84976309-6D25-40FD-BDAF-CE12EB538072}.Release|Win32.ActiveCfg = Release|Win32
		{84976309-6D25-40FD-BDAF-CE12EB538072}.MinSizeRel|Win32.ActiveCfg = MinSizeRel|Win32
		{84976309-6D25-40FD-BDAF-CE12EB538072}.RelWithDebInfo|Win32.ActiveCfg = RelWithDebInfo|Win32
		{84976309-6D25-40FD-BDAF-CE12EB538072}.Debug|Win32.ActiveCfg = Debug|Win32
		{84976309-6D25-40FD-BDAF-CE12EB538072}.Release|Win32.ActiveCfg = Release|Win32
		{84976309-6D25-40FD-BDAF-CE12EB538072}.MinSizeRel|Win32.ActiveCfg = MinSizeRel|Win32
		{84976309-6D25-40FD-BDAF-CE12EB538072}.RelWithDebInfo|Win32.ActiveCfg = RelWithDebInfo|Win32
		{84976309-6D25-40FD-BDAF-CE12EB538072}.Debug|Win32.ActiveCfg = Debug|Win32
		{84976309-6D25-40FD-BDAF-CE12EB538072}.Release|Win32.ActiveCfg = Release|Win32
		{84976309-6D25-40FD-BDAF-CE12EB538072}.MinSizeRel|Win32.ActiveCfg = MinSizeRel|Win32
		{84976309-6D25-40FD-BDAF-CE12EB538072}.RelWithDebInfo|Win32.ActiveCfg = RelWithDebInfo|Win32
		{84976309-6D25-40FD-BDAF-CE12EB538072}.Debug|Win32.ActiveCfg = Debug|Win32
		{84976309-6D25-40FD-BDAF-CE12EB538072}.Release|Win32.ActiveCfg = Release|Win32
		{84976309-6D25-40FD-BDAF-CE12EB538072}.MinSizeRel|Win32.ActiveCfg = MinSizeRel|Win32
		{84976309-6D25-40FD-BDAF-CE12EB538072}.RelWithDebInfo|Win32.ActiveCfg = RelWithDebInfo|Win32
		{84976309-6D25-40FD-BDAF-CE12EB538072}.Debug|Win32.ActiveCfg = Debug|Win32
		{84976309-6D25-40FD-BDAF-CE12EB538072}.Release|Win32.ActiveCfg = Release|Win32
		{84976309-6D25-40FD-BDAF-CE12EB538072}.MinSizeRel|Win32.ActiveCfg = MinSizeRel|Win32
		{84976309-6D25-40FD-BDAF-CE12EB538072}.RelWithDebInfo|Win32.ActiveCfg = RelWithDebInfo|Win32
		{84976309-6D25-40FD-BDAF-CE12EB538072}.Debug|Win32.ActiveCfg = Debug|Win32
		{84976309-6D25-40FD-BDAF-CE12EB538072}.Release|Win32.ActiveCfg = Release|Win32
		{84976309-6D25-40FD-BDAF-CE12EB538072}.MinSizeRel|Win32.ActiveCfg = MinSizeRel|Win32
		{84976309-6D25-40FD-BDAF-CE12EB538072}.RelWithDebInfo|Win32.ActiveCfg = RelWithDebInfo|Win32
		{84976309-6D25-40FD-BDAF-CE12EB538072}.Debug|Win32.ActiveCfg = Debug|Win32
		{84976309-6D25-40FD-BDAF-CE12EB538072}.Release|Win32.ActiveCfg = Release|Win32
		{84976309-6D25-40FD-BDAF-CE12EB538072}.MinSizeRel|Win32.ActiveCfg = MinSizeRel|Win32
		{84976309-6D25-40FD-BDAF-CE12EB538072}.RelWithDebInfo|Win32.ActiveCfg = RelWithDebInfo|Win32
		{84976309-6D25-40FD-BDAF-CE12EB538072}.Debug|Win32.ActiveCfg = Debug|Win32
		{84976309-6D25-40FD-BDAF-CE12EB538072}.Release|Win32.ActiveCfg = Release|Win32
		{84976309-6D25-40FD-BDAF-CE12EB538072}.MinSizeRel|Win32.ActiveCfg = MinSizeRel|Win32
		{84976309-6D25-40FD-BDAF-CE12EB538072}.RelWithDebInfo|Win32.ActiveCfg = RelWithDebInfo|Win32
		{84976309-6D25-40FD-BDAF-CE12EB538072}.Debug|Win32.ActiveCfg = Debug|Win32
		{84976309-6D25-40FD-BDAF-CE12EB538072}.Release|Win32.ActiveCfg = Release|Win32
		{84976309-6D25-40FD-BDAF-CE12EB538072}.MinSizeRel|Win32.ActiveCfg = MinSizeRel|Win32
		{84976309-6D25-40FD-BDAF-CE12EB538072}.RelWithDebInfo|Win32.ActiveCfg = RelWithDebInfo|Win32
		{84976309-6D25-40FD-BDAF-CE12EB538072}.Debug|Win32.ActiveCfg = Debug|Win32
		{84976309-6D25-40FD-BDAF-CE12EB538072}.Release|Win32.ActiveCfg = Release|Win32
		{84976309-6D25-40FD-BDAF-CE12EB538072}.MinSizeRel|Win32.ActiveCfg = MinSizeRel|Win32
		{84976309-6D25-40FD-BDAF-CE12EB538072}.RelWithDebInfo|Win32.ActiveCfg = RelWithDebInfo|Win32
		{84976309-6D25-40FD-BDAF-CE12EB538072}.Debug|Win32.ActiveCfg = Debug|Win32
		{84976309-6D25-40FD-BDAF-CE12EB538072}.Release|Win32.ActiveCfg = Release|Win32
		{84976309-6D25-40FD-BDAF-CE12EB538072}.MinSizeRel|Win32.ActiveCfg = MinSizeRel|Win32
		{84976309-6D25-40FD-BDAF-CE12EB538072}.RelWithDebInfo|Win32.ActiveCfg = RelWithDebInfo|Win32
		{84976309-6D25-40FD-BDAF-CE12EB538072}.Debug|Win32.ActiveCfg = Debug|Win32
		{84976309-6D25-40FD-BDAF-CE12EB538072}.Release|Win32.ActiveCfg = Release|Win32
		{84976309-6D25-40FD-BDAF-CE12EB538072}.MinSizeRel|Win32.ActiveCfg = MinSizeRel|Win32
		{84976309-6D25-40FD-BDAF-CE12EB538072}.RelWithDebInfo|Win32.ActiveCfg = RelWithDebInfo|Win32
		{84976309-6D25-40FD-BDAF-CE12EB538072}.Debug|Win32.ActiveCfg = Debug|Win32
		{84976309-6D25-40FD-BDAF-CE12EB538072}.Release|Win32.ActiveCfg = Release|Win32
		{84976309-6D25-40FD-BDAF-CE12EB538072}.MinSizeRel|Win32.ActiveCfg = MinSizeRel|Win32
		{84976309-6D25-40FD-BDAF-CE12EB538072}.RelWithDebInfo|Win32.ActiveCfg = RelWithDebInfo|Win32
		{84976309-6D25-40FD-BDAF-CE12EB538072}.Debug|Win32.ActiveCfg = Debug|Win32
		{84976309-6D25-40FD-BDAF-CE12EB538072}.Release|Win32.ActiveCfg = Release|Win32
		{84976309-6D25-40FD-BDAF-CE12EB538072}.MinSizeRel|Win32.ActiveCfg = MinSizeRel|Win32
		{84976309-6D25-40FD-BDAF-CE12EB538072}.RelWithDebInfo|Win32.ActiveCfg = RelWithDebInfo|Win32
		{84976309-6D25-40FD-BDAF-CE12EB538072}.Debug|Win32.ActiveCfg = Debug|Win32
		{84976309-6D25-40FD-BDAF-CE12EB538072}.Release|Win32.ActiveCfg = Release|Win32
		{84976309-6D25-40FD-BDAF-CE12EB538072}.MinSizeRel|Win32.ActiveCfg = MinSizeRel|Win32
		{84976309-6D25-40FD-BDAF-CE12EB538072}.RelWithDebInfo|Win32.ActiveCfg = RelWithDebInfo|Win32
		{84976309-6D25-40FD-BDAF-CE12EB538072}.Debug|Win32.ActiveCfg = Debug|Win32
		{84976309-6D25-40FD-BDAF-CE12EB538072}.Release|Win32.ActiveCfg = Release|Win32
		{84976309-6D25-40FD-BDAF-CE12EB538072}.MinSizeRel|Win32.ActiveCfg = MinSizeRel|Win32
		{84976309-6D25-40FD-BDAF-CE12EB538072}.RelWithDebInfo|Win32.ActiveCfg = RelWithDebInfo|Win32
		{84976309-6D25-40FD-BDAF-CE12EB538072}.Debug|Win32.ActiveCfg = Debug|Win32
		{84976309-6D25-40FD-BDAF-CE12EB538072}.Release|Win32.ActiveCfg = Release|Win32
		{84976309-6D25-40FD-BDAF-CE12EB538072}.MinSizeRel|Win32.ActiveCfg = MinSizeRel|Win32
		{84976309-6D25-40FD-BDAF-CE12EB538072}.RelWithDebInfo|Win32.ActiveCfg = RelWithDebInfo|Win32
		{84976309-6D25-40FD-BDAF-CE12EB538072}.Debug|Win32.ActiveCfg = Debug|Win32
		{84976309-6D25-40FD-BDAF-CE12EB538072}.Release|Win32.ActiveCfg = Release|Win32
		{84976309-6D25-40FD-BDAF-CE12EB538072}.MinSizeRel|Win32.ActiveCfg = MinSizeRel|Win32
		{84976309-6D25-40FD-BDAF-CE12EB538072}.RelWithDebInfo|Win32.ActiveCfg = RelWithDebInfo|Win32
		{84976309-6D25-40FD-BDAF-CE12EB538072}.Debug|Win32.ActiveCfg = Debug|Win32
		{84976309-6D25-40FD-BDAF-CE12EB538072}.Release|Win32.ActiveCfg = Release|Win32
		{84976309-6D25-40FD-BDAF-CE12EB538072}.MinSizeRel|Win32.ActiveCfg = MinSizeRel|Win32
		{84976309-6D25-40FD-BDAF-CE12EB538072}.RelWithDebInfo|Win32.ActiveCfg = RelWithDebInfo|Win32
		{84976309-6D25-40FD-BDAF-CE12EB538072}.Debug|Win32.ActiveCfg = Debug|Win32
		{84976309-6D25-40FD-BDAF-CE12EB538072}.Release|Win32.ActiveCfg = Release|Win32
		{84976309-6D25-40FD-BDAF-CE12EB538072}.MinSizeRel|Win32.ActiveCfg = MinSizeRel|Win32
		{84976309-6D25-40FD-BDAF-CE12EB538072}.RelWithDebInfo|Win32.ActiveCfg = RelWithDebInfo|Win32
		{84976309-6D25-40FD-BDAF-CE12EB538072}.Debug|Win32.ActiveCfg = Debug|Win32
		{84976309-6D25-40FD-BDAF-CE12EB538072}.Release|Win32.ActiveCfg = Release|Win32
		{84976309-6D25-40FD-BDAF-CE12EB538072}.MinSizeRel|Win32.ActiveCfg = MinSizeRel|Win32
		{84976309-6D25-40FD-BDAF-CE12EB538072}.RelWithDebInfo|Win32.ActiveCfg = RelWithDebInfo|Win32
		{84976309-6D25-40FD-BDAF-CE12EB538072}.Debug|Win32.ActiveCfg = Debug|Win32
		{84976309-6D25-40FD-BDAF-CE12EB538072}.Release|Win32.ActiveCfg = Release|Win32
		{84976309-6D25-40FD-BDAF-CE12EB538072}.MinSizeRel|Win32.ActiveCfg = MinSizeRel|Win32
		{84976309-6D25-40FD-BDAF-CE12EB538072}.RelWithDebInfo|Win32.ActiveCfg = RelWithDebInfo|Win32
		{84976309-6D25-40FD-BDAF-CE12EB538072}.Debug|Win32.ActiveCfg = Debug|Win32
		{84976309-6D25-40FD-BDAF-CE12EB538072}.Release|Win32.ActiveCfg = Release|Win32
		{84976309-6D25-40FD-BDAF-CE12EB538072}.MinSizeRel|Win32.ActiveCfg = MinSizeRel|Win32
		{84976309-6D25-40FD-BDAF-CE12EB538072}.RelWithDebInfo|Win32.ActiveCfg = RelWithDebInfo|Win32
		{84976309-6D25-40FD-BDAF-CE12EB538072}.Debug|Win32.ActiveCfg = Debug|Win32
		{84976309-6D25-40FD-BDAF-CE12EB538072}.Release|Win32.ActiveCfg = Release|Win32
		{84976309-6D25-40FD-BDAF-CE12EB538072}.MinSizeRel|Win32.ActiveCfg = MinSizeRel|Win32
		{84976309-6D25-40FD-BDAF-CE12EB538072}.RelWithDebInfo|Win32.ActiveCfg = RelWithDebInfo|Win32
		{94F2D4E4-A9D3-4B62-9DE1-21ED70609772}.Debug|Win32.ActiveCfg = Debug|Win32
		{94F2D4E4-A9D3-4B62-9DE1-21ED70609772}.Debug|Win32.Build.0 = Debug|Win32
		{94F2D4E4-A9D3-4B62-9DE1-21ED70609772}.Release|Win32.ActiveCfg = Release|Win32
		{94F2D4E4-A9D3-4B62-9DE1-21ED70609772}.Release|Win32.Build.0 = Release|Win32
		{94F2D4E4-A9D3-4B62-9DE1-21ED70609772}.MinSizeRel|Win32.ActiveCfg = MinSizeRel|Win32
		{94F2D4E4-A9D3-4B62-9DE1-21ED70609772}.MinSizeRel|Win32.Build.0 = MinSizeRel|Win32
		{94F2D4E4-A9D3-4B62-9DE1-21ED70609772}.RelWithDebInfo|Win32.ActiveCfg = RelWithDebInfo|Win32
		{94F2D4E4-A9D3-4B62-9DE1-21ED70609772}.RelWithDebInfo|Win32.Build.0 = RelWithDebInfo|Win32
		{DBACDB74-C4F7-464B-921E-C6DE483FC369}.Debug|Win32.ActiveCfg = Debug|Win32
		{DBACDB74-C4F7-464B-921E-C6DE483FC369}.Debug|Win32.Build.0 = Debug|Win32
		{DBACDB74-C4F7-464B-921E-C6DE483FC369}.Release|Win32.ActiveCfg = Release|Win32
		{DBACDB74-C4F7-464B-921E-C6DE483FC369}.Release|Win32.Build.0 = Release|Win32
		{DBACDB74-C4F7-464B-921E-C6DE483FC369}.MinSizeRel|Win32.ActiveCfg = MinSizeRel|Win32
		{DBACDB74-C4F7-464B-921E-C6DE483FC369}.MinSizeRel|Win32.Build.0 = MinSizeRel|Win32
		{DBACDB74-C4F7-464B-921E-C6DE483FC369}.RelWithDebInfo|Win32.ActiveCfg = RelWithDebInfo|Win32
		{DBACDB74-C4F7-464B-921E-C6DE483FC369}.RelWithDebInfo|Win32.Build.0 = RelWithDebInfo|Win32
		{6F93D9AE-274A-43B3-A9F6-81573194EF77}.Debug|Win32.ActiveCfg = Debug|Win32
		{6F93D9AE-274A-43B3-A9F6-81573194EF77}.Debug|Win32.Build.0 = Debug|Win32
		{6F93D9AE-274A-43B3-A9F6-81573194EF77}.Release|Win32.ActiveCfg = Release|Win32
		{6F93D9AE-274A-43B3-A9F6-81573194EF77}.Release|Win32.Build.0 = Release|Win32
		{6F93D9AE-274A-43B3-A9F6-81573194EF77}.MinSizeRel|Win32.ActiveCfg = MinSizeRel|Win32
		{6F93D9AE-274A-43B3-A9F6-81573194EF77}.MinSizeRel|Win32.Build.0 = MinSizeRel|Win32
		{6F93D9AE-274A-43B3-A9F6-81573194EF77}.RelWithDebInfo|Win32.ActiveCfg = RelWithDebInfo|Win32
		{6F93D9AE-274A-43B3-A9F6-81573194EF77}.RelWithDebInfo|Win32.Build.0 = RelWithDebInfo|Win32
		{CE3101D8-447C-455E-ACE0-58765F69ACAC}.Debug|Win32.ActiveCfg = Debug|Win32
		{CE3101D8-447C-455E-ACE0-58765F69ACAC}.Debug|Win32.Build.0 = Debug|Win32
		{CE3101D8-447C-455E-ACE0-58765F69ACAC}.Release|Win32.ActiveCfg = Release|Win32
		{CE3101D8-447C-455E-ACE0-58765F69ACAC}.Release|Win32.Build.0 = Release|Win32
		{CE3101D8-447C-455E-ACE0-58765F69ACAC}.MinSizeRel|Win32.ActiveCfg = MinSizeRel|Win32
		{CE3101D8-447C-455E-ACE0-58765F69ACAC}.MinSizeRel|Win32.Build.0 = MinSizeRel|Win32
		{CE3101D8-447C-455E-ACE0-58765F69ACAC}.RelWithDebInfo|Win32.ActiveCfg = RelWithDebInfo|Win32
		{CE3101D8-447C-455E-ACE0-58765F69ACAC}.RelWithDebInfo|Win32.Build.0 = RelWithDebInfo|Win32
		{B2767DCB-2E01-491A-B28B-5E5D5BACFA7A}.Debug|Win32.ActiveCfg = Debug|Win32
		{B2767DCB-2E01-491A-B28B-5E5D5BACFA7A}.Debug|Win32.Build.0 = Debug|Win32
		{B2767DCB-2E01-491A-B28B-5E5D5BACFA7A}.Release|Win32.ActiveCfg = Release|Win32
		{B2767DCB-2E01-491A-B28B-5E5D5BACFA7A}.Release|Win32.Build.0 = Release|Win32
		{B2767DCB-2E01-491A-B28B-5E5D5BACFA7A}.MinSizeRel|Win32.ActiveCfg = MinSizeRel|Win32
		{B2767DCB-2E01-491A-B28B-5E5D5BACFA7A}.MinSizeRel|Win32.Build.0 = MinSizeRel|Win32
		{B2767DCB-2E01-491A-B28B-5E5D5BACFA7A}.RelWithDebInfo|Win32.ActiveCfg = RelWithDebInfo|Win32
		{B2767DCB-2E01-491A-B28B-5E5D5BACFA7A}.RelWithDebInfo|Win32.Build.0 = RelWithDebInfo|Win32
		{C29D8569-EF62-4E79-BCC1-CC39473B72D0}.Debug|Win32.ActiveCfg = Debug|Win32
		{C29D8569-EF62-4E79-BCC1-CC39473B72D0}.Debug|Win32.Build.0 = Debug|Win32
		{C29D8569-EF62-4E79-BCC1-CC39473B72D0}.Release|Win32.ActiveCfg = Release|Win32
		{C29D8569-EF62-4E79-BCC1-CC39473B72D0}.Release|Win32.Build.0 = Release|Win32
		{C29D8569-EF62-4E79-BCC1-CC39473B72D0}.MinSizeRel|Win32.ActiveCfg = MinSizeRel|Win32
		{C29D8569-EF62-4E79-BCC1-CC39473B72D0}.MinSizeRel|Win32.Build.0 = MinSizeRel|Win32
		{C29D8569-EF62-4E79-BCC1-CC39473B72D0}.RelWithDebInfo|Win32.ActiveCfg = RelWithDebInfo|Win32
		{C29D8569-EF62-4E79-BCC1-CC39473B72D0}.RelWithDebInfo|Win32.Build.0 = RelWithDebInfo|Win32
		{E66AE649-4EF6-498E-B993-4C297B8029FE}.Debug|Win32.ActiveCfg = Debug|Win32
		{E66AE649-4EF6-498E-B993-4C297B8029FE}.Debug|Win32.Build.0 = Debug|Win32
		{E66AE649-4EF6-498E-B993-4C297B8029FE}.Release|Win32.ActiveCfg = Release|Win32
		{E66AE649-4EF6-498E-B993-4C297B8029FE}.Release|Win32.Build.0 = Release|Win32
		{E66AE649-4EF6-498E-B993-4C297B8029FE}.MinSizeRel|Win32.ActiveCfg = MinSizeRel|Win32
		{E66AE649-4EF6-498E-B993-4C297B8029FE}.MinSizeRel|Win32.Build.0 = MinSizeRel|Win32
		{E66AE649-4EF6-498E-B993-4C297B8029FE}.RelWithDebInfo|Win32.ActiveCfg = RelWithDebInfo|Win32
		{E66AE649-4EF6-498E-B993-4C297B8029FE}.RelWithDebInfo|Win32.Build.0 = RelWithDebInfo|Win32
		{CC98ACFB-CC61-4901-AD05-65F13CC063A6}.Debug|Win32.ActiveCfg = Debug|Win32
		{CC98ACFB-CC61-4901-AD05-65F13CC063A6}.Debug|Win32.Build.0 = Debug|Win32
		{CC98ACFB-CC61-4901-AD05-65F13CC063A6}.Release|Win32.ActiveCfg = Release|Win32
		{CC98ACFB-CC61-4901-AD05-65F13CC063A6}.Release|Win32.Build.0 = Release|Win32
		{CC98ACFB-CC61-4901-AD05-65F13CC063A6}.MinSizeRel|Win32.ActiveCfg = MinSizeRel|Win32
		{CC98ACFB-CC61-4901-AD05-65F13CC063A6}.MinSizeRel|Win32.Build.0 = MinSizeRel|Win32
		{CC98ACFB-CC61-4901-AD05-65F13CC063A6}.RelWithDebInfo|Win32.ActiveCfg = RelWithDebInfo|Win32
		{CC98ACFB-CC61-4901-AD05-65F13CC063A6}.RelWithDebInfo|Win32.Build.0 = RelWithDebInfo|Win32
		{EF917129-741E-46FD-A847-56D4DF6822C7}.Debug|Win32.ActiveCfg = Debug|Win32
		{EF917129-741E-46FD-A847-56D4DF6822C7}.Debug|Win32.Build.0 = Debug|Win32
		{EF917129-741E-46FD-A847-56D4DF6822C7}.Release|Win32.ActiveCfg = Release|Win32
		{EF917129-741E-46FD-A847-56D4DF6822C7}.Release|Win32.Build.0 = Release|Win32
		{EF917129-741E-46FD-A847-56D4DF6822C7}.MinSizeRel|Win32.ActiveCfg = MinSizeRel|Win32
		{EF917129-741E-46FD-A847-56D4DF6822C7}.MinSizeRel|Win32.Build.0 = MinSizeRel|Win32
		{EF917129-741E-46FD-A847-56D4DF6822C7}.RelWithDebInfo|Win32.ActiveCfg = RelWithDebInfo|Win32
		{EF917129-741E-46FD-A847-56D4DF6822C7}.RelWithDebInfo|Win32.Build.0 = RelWithDebInfo|Win32
		{6E21C1DF-ED9C-4156-AC6D-EA7BAAB5561C}.Debug|Win32.ActiveCfg = Debug|Win32
		{6E21C1DF-ED9C-4156-AC6D-EA7BAAB5561C}.Debug|Win32.Build.0 = Debug|Win32
		{6E21C1DF-ED9C-4156-AC6D-EA7BAAB5561C}.Release|Win32.ActiveCfg = Release|Win32
		{6E21C1DF-ED9C-4156-AC6D-EA7BAAB5561C}.Release|Win32.Build.0 = Release|Win32
		{6E21C1DF-ED9C-4156-AC6D-EA7BAAB5561C}.MinSizeRel|Win32.ActiveCfg = MinSizeRel|Win32
		{6E21C1DF-ED9C-4156-AC6D-EA7BAAB5561C}.MinSizeRel|Win32.Build.0 = MinSizeRel|Win32
		{6E21C1DF-ED9C-4156-AC6D-EA7BAAB5561C}.RelWithDebInfo|Win32.ActiveCfg = RelWithDebInfo|Win32
		{6E21C1DF-ED9C-4156-AC6D-EA7BAAB5561C}.RelWithDebInfo|Win32.Build.0 = RelWithDebInfo|Win32
		{77DA69F9-8474-472F-8806-B9E47B06FD71}.Debug|Win32.ActiveCfg = Debug|Win32
		{77DA69F9-8474-472F-8806-B9E47B06FD71}.Debug|Win32.Build.0 = Debug|Win32
		{77DA69F9-8474-472F-8806-B9E47B06FD71}.Release|Win32.ActiveCfg = Release|Win32
		{77DA69F9-8474-472F-8806-B9E47B06FD71}.Release|Win32.Build.0 = Release|Win32
		{77DA69F9-8474-472F-8806-B9E47B06FD71}.MinSizeRel|Win32.ActiveCfg = MinSizeRel|Win32
		{77DA69F9-8474-472F-8806-B9E47B06FD71}.MinSizeRel|Win32.Build.0 = MinSizeRel|Win32
		{77DA69F9-8474-472F-8806-B9E47B06FD71}.RelWithDebInfo|Win32.ActiveCfg = RelWithDebInfo|Win32
		{77DA69F9-8474-472F-8806-B9E47B06FD71}.RelWithDebInfo|Win32.Build.0 = RelWithDebInfo|Win32
		{D7478D9D-7666-4239-B316-13381952CFF2}.Debug|Win32.ActiveCfg = Debug|Win32
		{D7478D9D-7666-4239-B316-13381952CFF2}.Debug|Win32.Build.0 = Debug|Win32
		{D7478D9D-7666-4239-B316-13381952CFF2}.Release|Win32.ActiveCfg = Release|Win32
		{D7478D9D-7666-4239-B316-13381952CFF2}.Release|Win32.Build.0 = Release|Win32
		{D7478D9D-7666-4239-B316-13381952CFF2}.MinSizeRel|Win32.ActiveCfg = MinSizeRel|Win32
		{D7478D9D-7666-4239-B316-13381952CFF2}.MinSizeRel|Win32.Build.0 = MinSizeRel|Win32
		{D7478D9D-7666-4239-B316-13381952CFF2}.RelWithDebInfo|Win32.ActiveCfg = RelWithDebInfo|Win32
		{D7478D9D-7666-4239-B316-13381952CFF2}.RelWithDebInfo|Win32.Build.0 = RelWithDebInfo|Win32
		{2A79381D-3C34-4CCE-B654-5B6121DDA3CA}.Debug|Win32.ActiveCfg = Debug|Win32
		{2A79381D-3C34-4CCE-B654-5B6121DDA3CA}.Debug|Win32.Build.0 = Debug|Win32
		{2A79381D-3C34-4CCE-B654-5B6121DDA3CA}.Release|Win32.ActiveCfg = Release|Win32
		{2A79381D-3C34-4CCE-B654-5B6121DDA3CA}.Release|Win32.Build.0 = Release|Win32
		{2A79381D-3C34-4CCE-B654-5B6121DDA3CA}.MinSizeRel|Win32.ActiveCfg = MinSizeRel|Win32
		{2A79381D-3C34-4CCE-B654-5B6121DDA3CA}.MinSizeRel|Win32.Build.0 = MinSizeRel|Win32
		{2A79381D-3C34-4CCE-B654-5B6121DDA3CA}.RelWithDebInfo|Win32.ActiveCfg = RelWithDebInfo|Win32
		{2A79381D-3C34-4CCE-B654-5B6121DDA3CA}.RelWithDebInfo|Win32.Build.0 = RelWithDebInfo|Win32
		{A60928DD-7C15-4488-8556-B1A9460C76D4}.Debug|Win32.ActiveCfg = Debug|Win32
		{A60928DD-7C15-4488-8556-B1A9460C76D4}.Debug|Win32.Build.0 = Debug|Win32
		{A60928DD-7C15-4488-8556-B1A9460C76D4}.Release|Win32.ActiveCfg = Release|Win32
		{A60928DD-7C15-4488-8556-B1A9460C76D4}.Release|Win32.Build.0 = Release|Win32
		{A60928DD-7C15-4488-8556-B1A9460C76D4}.MinSizeRel|Win32.ActiveCfg = MinSizeRel|Win32
		{A60928DD-7C15-4488-8556-B1A9460C76D4}.MinSizeRel|Win32.Build.0 = MinSizeRel|Win32
		{A60928DD-7C15-4488-8556-B1A9460C76D4}.RelWithDebInfo|Win32.ActiveCfg = RelWithDebInfo|Win32
		{A60928DD-7C15-4488-8556-B1A9460C76D4}.RelWithDebInfo|Win32.Build.0 = RelWithDebInfo|Win32
		{274C69D6-FCEF-4825-B1C0-76BB74A470BF}.Debug|Win32.ActiveCfg = Debug|Win32
		{274C69D6-FCEF-4825-B1C0-76BB74A470BF}.Debug|Win32.Build.0 = Debug|Win32
		{274C69D6-FCEF-4825-B1C0-76BB74A470BF}.Release|Win32.ActiveCfg = Release|Win32
		{274C69D6-FCEF-4825-B1C0-76BB74A470BF}.Release|Win32.Build.0 = Release|Win32
		{274C69D6-FCEF-4825-B1C0-76BB74A470BF}.MinSizeRel|Win32.ActiveCfg = MinSizeRel|Win32
		{274C69D6-FCEF-4825-B1C0-76BB74A470BF}.MinSizeRel|Win32.Build.0 = MinSizeRel|Win32
		{274C69D6-FCEF-4825-B1C0-76BB74A470BF}.RelWithDebInfo|Win32.ActiveCfg = RelWithDebInfo|Win32
		{274C69D6-FCEF-4825-B1C0-76BB74A470BF}.RelWithDebInfo|Win32.Build.0 = RelWithDebInfo|Win32
		{2CAA544F-0748-4E58-8FF3-17290B442FD6}.Debug|Win32.ActiveCfg = Debug|Win32
		{2CAA544F-0748-4E58-8FF3-17290B442FD6}.Debug|Win32.Build.0 = Debug|Win32
		{2CAA544F-0748-4E58-8FF3-17290B442FD6}.Release|Win32.ActiveCfg = Release|Win32
		{2CAA544F-0748-4E58-8FF3-17290B442FD6}.Release|Win32.Build.0 = Release|Win32
		{2CAA544F-0748-4E58-8FF3-17290B442FD6}.MinSizeRel|Win32.ActiveCfg = MinSizeRel|Win32
		{2CAA544F-0748-4E58-8FF3-17290B442FD6}.MinSizeRel|Win32.Build.0 = MinSizeRel|Win32
		{2CAA544F-0748-4E58-8FF3-17290B442FD6}.RelWithDebInfo|Win32.ActiveCfg = RelWithDebInfo|Win32
		{2CAA544F-0748-4E58-8FF3-17290B442FD6}.RelWithDebInfo|Win32.Build.0 = RelWithDebInfo|Win32
		{44524BDB-395A-4DE4-B3AA-7A1F3916185E}.Debug|Win32.ActiveCfg = Debug|Win32
		{44524BDB-395A-4DE4-B3AA-7A1F3916185E}.Debug|Win32.Build.0 = Debug|Win32
		{44524BDB-395A-4DE4-B3AA-7A1F3916185E}.Release|Win32.ActiveCfg = Release|Win32
		{44524BDB-395A-4DE4-B3AA-7A1F3916185E}.Release|Win32.Build.0 = Release|Win32
		{44524BDB-395A-4DE4-B3AA-7A1F3916185E}.MinSizeRel|Win32.ActiveCfg = MinSizeRel|Win32
		{44524BDB-395A-4DE4-B3AA-7A1F3916185E}.MinSizeRel|Win32.Build.0 = MinSizeRel|Win32
		{44524BDB-395A-4DE4-B3AA-7A1F3916185E}.RelWithDebInfo|Win32.ActiveCfg = RelWithDebInfo|Win32
		{44524BDB-395A-4DE4-B3AA-7A1F3916185E}.RelWithDebInfo|Win32.Build.0 = RelWithDebInfo|Win32
		{D523AB0B-85F8-4E7B-BE38-A68674A06260}.Debug|Win32.ActiveCfg = Debug|Win32
		{D523AB0B-85F8-4E7B-BE38-A68674A06260}.Debug|Win32.Build.0 = Debug|Win32
		{D523AB0B-85F8-4E7B-BE38-A68674A06260}.Release|Win32.ActiveCfg = Release|Win32
		{D523AB0B-85F8-4E7B-BE38-A68674A06260}.Release|Win32.Build.0 = Release|Win32
		{D523AB0B-85F8-4E7B-BE38-A68674A06260}.MinSizeRel|Win32.ActiveCfg = MinSizeRel|Win32
		{D523AB0B-85F8-4E7B-BE38-A68674A06260}.MinSizeRel|Win32.Build.0 = MinSizeRel|Win32
		{D523AB0B-85F8-4E7B-BE38-A68674A06260}.RelWithDebInfo|Win32.ActiveCfg = RelWithDebInfo|Win32
		{D523AB0B-85F8-4E7B-BE38-A68674A06260}.RelWithDebInfo|Win32.Build.0 = RelWithDebInfo|Win32
		{0BB28ABA-E3B0-437D-A88C-B95F81B79DDD}.Debug|Win32.ActiveCfg = Debug|Win32
		{0BB28ABA-E3B0-437D-A88C-B95F81B79DDD}.Debug|Win32.Build.0 = Debug|Win32
		{0BB28ABA-E3B0-437D-A88C-B95F81B79DDD}.Release|Win32.ActiveCfg = Release|Win32
		{0BB28ABA-E3B0-437D-A88C-B95F81B79DDD}.Release|Win32.Build.0 = Release|Win32
		{0BB28ABA-E3B0-437D-A88C-B95F81B79DDD}.MinSizeRel|Win32.ActiveCfg = MinSizeRel|Win32
		{0BB28ABA-E3B0-437D-A88C-B95F81B79DDD}.MinSizeRel|Win32.Build.0 = MinSizeRel|Win32
		{0BB28ABA-E3B0-437D-A88C-B95F81B79DDD}.RelWithDebInfo|Win32.ActiveCfg = RelWithDebInfo|Win32
		{0BB28ABA-E3B0-437D-A88C-B95F81B79DDD}.RelWithDebInfo|Win32.Build.0 = RelWithDebInfo|Win32
	EndGlobalSection
	GlobalSection(ExtensibilityGlobals) = postSolution
	EndGlobalSection
	GlobalSection(ExtensibilityAddIns) = postSolution
	EndGlobalSection
EndGlobal
